
Microsoft Visual Studio Solution File, Format Version 12.00
# Visual Studio Version 17
VisualStudioVersion = 17.2.32630.192
MinimumVisualStudioVersion = 10.0.40219.1
Project("{9A19103F-16F7-4668-BE54-9A1E7A4F7556}") = "TodoistApp.Blazor", "src\TodoistApp.Blazor\TodoistApp.Blazor.csproj", "{338555C4-2065-4864-BE92-D0F2ABC0A613}"
EndProject
Project("{2150E333-8FDC-42A3-9474-1A3956D46DE8}") = "src", "src", "{BFE17AC9-D40C-4B62-9706-272280D715C7}"
EndProject
Project("{2150E333-8FDC-42A3-9474-1A3956D46DE8}") = "tests", "tests", "{2FF53DBF-0F61-4C87-8BFA-B92E2FB64758}"
EndProject
Project("{9A19103F-16F7-4668-BE54-9A1E7A4F7556}") = "TodoistApp.UnitTests", "tests\TodoistApp.UnitTests\TodoistApp.UnitTests.csproj", "{50E29ABA-C1B8-494A-8B52-688B8C47CB32}"
EndProject
Project("{2150E333-8FDC-42A3-9474-1A3956D46DE8}") = "Solution Items", "Solution Items", "{16CB6ED0-8267-4157-B6B0-71151E7BAE44}"
	ProjectSection(SolutionItems) = preProject
		azure-pipelines.yml = azure-pipelines.yml
	EndProjectSection
EndProject
Global
	GlobalSection(SolutionConfigurationPlatforms) = preSolution
		Debug|Any CPU = Debug|Any CPU
		Release|Any CPU = Release|Any CPU
	EndGlobalSection
	GlobalSection(ProjectConfigurationPlatforms) = postSolution
		{338555C4-2065-4864-BE92-D0F2ABC0A613}.Debug|Any CPU.ActiveCfg = Debug|Any CPU
		{338555C4-2065-4864-BE92-D0F2ABC0A613}.Debug|Any CPU.Build.0 = Debug|Any CPU
		{338555C4-2065-4864-BE92-D0F2ABC0A613}.Release|Any CPU.ActiveCfg = Release|Any CPU
		{338555C4-2065-4864-BE92-D0F2ABC0A613}.Release|Any CPU.Build.0 = Release|Any CPU
		{50E29ABA-C1B8-494A-8B52-688B8C47CB32}.Debug|Any CPU.ActiveCfg = Debug|Any CPU
		{50E29ABA-C1B8-494A-8B52-688B8C47CB32}.Debug|Any CPU.Build.0 = Debug|Any CPU
		{50E29ABA-C1B8-494A-8B52-688B8C47CB32}.Release|Any CPU.ActiveCfg = Release|Any CPU
		{50E29ABA-C1B8-494A-8B52-688B8C47CB32}.Release|Any CPU.Build.0 = Release|Any CPU
	EndGlobalSection
	GlobalSection(SolutionProperties) = preSolution
		HideSolutionNode = FALSE
	EndGlobalSection
	GlobalSection(NestedProjects) = preSolution
		{338555C4-2065-4864-BE92-D0F2ABC0A613} = {BFE17AC9-D40C-4B62-9706-272280D715C7}
		{50E29ABA-C1B8-494A-8B52-688B8C47CB32} = {2FF53DBF-0F61-4C87-8BFA-B92E2FB64758}
	EndGlobalSection
	GlobalSection(ExtensibilityGlobals) = postSolution
		SolutionGuid = {06424D2D-B572-432C-B86B-06D4764F912B}
	EndGlobalSection
EndGlobal
